{
  "name": "test",
  "version": "0.0.1",
  "lockfileVersion": 2,
  "requires": true,
  "packages": {
    "": {
      "name": "test",
      "version": "0.0.1",
      "license": "MIT",
      "dependencies": {
        "esm": "^3.2.25",
        "long-stack-traces": "^0.1.2"
      }
    },
    "node_modules/esm": {
      "version": "3.2.25",
      "resolved": "https://registry.npmjs.org/esm/-/esm-3.2.25.tgz",
      "integrity": "sha512-U1suiZ2oDVWv4zPO56S0NcR5QriEahGtdN2OR6FiOG4WJvcjBVFB0qI4+eKoWFH483PKGuLuu6V8Z4T5g63UVA==",
      "engines": {
        "node": ">=6"
      }
    },
    "node_modules/long-stack-traces": {
      "version": "0.1.2",
      "resolved": "https://registry.npmjs.org/long-stack-traces/-/long-stack-traces-0.1.2.tgz",
      "integrity": "sha1-YCK1Dum7x0tcvXz+6q5BZeGlRuw=",
      "engines": {
        "node": "*"
      }
    }
  },
  "dependencies": {
    "esm": {
      "version": "3.2.25",
      "resolved": "https://registry.npmjs.org/esm/-/esm-3.2.25.tgz",
      "integrity": "sha512-U1suiZ2oDVWv4zPO56S0NcR5QriEahGtdN2OR6FiOG4WJvcjBVFB0qI4+eKoWFH483PKGuLuu6V8Z4T5g63UVA=="
    },
    "long-stack-traces": {
      "version": "0.1.2",
      "resolved": "https://registry.npmjs.org/long-stack-traces/-/long-stack-traces-0.1.2.tgz",
      "integrity": "sha1-YCK1Dum7x0tcvXz+6q5BZeGlRuw="
    }
  }
}
